
Microsoft Visual Studio Solution File, Format Version 11.00
# Visual Studio 2010
Project("{8BC9CEB8-8B4A-11D0-8D11-00A0C91BC942}") = "FileCryptRC4", "FileCrypter\FileCrypter.vcxproj", "{B76891C6-2112-49CA-8154-F31DA01432BB}"
EndProject
Project("{8BC9CEB8-8B4A-11D0-8D11-00A0C91BC942}") = "CreateHashes", "CreateHashes\CreateHashes.vcxproj", "{58615B86-B491-42D3-80FB-E7F52C141C70}"
EndProject
Project("{8BC9CEB8-8B4A-11D0-8D11-00A0C91BC942}") = "FileCryptAES", "FileCryptAES\FileCryptAES.vcxproj", "{38952D03-D53A-436B-BBAF-4E93EAD62CB8}"
EndProject
Global
	GlobalSection(SolutionConfigurationPlatforms) = preSolution
		Debug|Win32 = Debug|Win32
		Release|Win32 = Release|Win32
	EndGlobalSection
	GlobalSection(ProjectConfigurationPlatforms) = postSolution
		{B76891C6-2112-49CA-8154-F31DA01432BB}.Debug|Win32.ActiveCfg = Debug|Win32
		{B76891C6-2112-49CA-8154-F31DA01432BB}.Debug|Win32.Build.0 = Debug|Win32
		{B76891C6-2112-49CA-8154-F31DA01432BB}.Release|Win32.ActiveCfg = Release|Win32
		{B76891C6-2112-49CA-8154-F31DA01432BB}.Release|Win32.Build.0 = Release|Win32
		{58615B86-B491-42D3-80FB-E7F52C141C70}.Debug|Win32.ActiveCfg = Debug|Win32
		{58615B86-B491-42D3-80FB-E7F52C141C70}.Debug|Win32.Build.0 = Debug|Win32
		{58615B86-B491-42D3-80FB-E7F52C141C70}.Release|Win32.ActiveCfg = Release|Win32
		{58615B86-B491-42D3-80FB-E7F52C141C70}.Release|Win32.Build.0 = Release|Win32
		{38952D03-D53A-436B-BBAF-4E93EAD62CB8}.Debug|Win32.ActiveCfg = Debug|Win32
		{38952D03-D53A-436B-BBAF-4E93EAD62CB8}.Debug|Win32.Build.0 = Debug|Win32
		{38952D03-D53A-436B-BBAF-4E93EAD62CB8}.Release|Win32.ActiveCfg = Release|Win32
		{38952D03-D53A-436B-BBAF-4E93EAD62CB8}.Release|Win32.Build.0 = Release|Win32
	EndGlobalSection
	GlobalSection(SolutionProperties) = preSolution
		HideSolutionNode = FALSE
	EndGlobalSection
EndGlobal
